
Microsoft Visual Studio Solution File, Format Version 12.00
# Visual Studio Version 17
VisualStudioVersion = 17.1.32421.90
MinimumVisualStudioVersion = 10.0.40219.1
Project("{FAE04EC0-301F-11D3-BF4B-00C04F79EFBC}") = "InstaFoodAPI", "InstaFoodAPI\InstaFoodAPI.csproj", "{C3011612-F68D-4CD8-B81D-A99404CF6C3F}"
EndProject
Global
	GlobalSection(SolutionConfigurationPlatforms) = preSolution
		Debug|Any CPU = Debug|Any CPU
		Release|Any CPU = Release|Any CPU
	EndGlobalSection
	GlobalSection(ProjectConfigurationPlatforms) = postSolution
		{C3011612-F68D-4CD8-B81D-A99404CF6C3F}.Debug|Any CPU.ActiveCfg = Debug|Any CPU
		{C3011612-F68D-4CD8-B81D-A99404CF6C3F}.Debug|Any CPU.Build.0 = Debug|Any CPU
		{C3011612-F68D-4CD8-B81D-A99404CF6C3F}.Release|Any CPU.ActiveCfg = Release|Any CPU
		{C3011612-F68D-4CD8-B81D-A99404CF6C3F}.Release|Any CPU.Build.0 = Release|Any CPU
	EndGlobalSection
	GlobalSection(SolutionProperties) = preSolution
		HideSolutionNode = FALSE
	EndGlobalSection
	GlobalSection(ExtensibilityGlobals) = postSolution
		SolutionGuid = {742078A9-5A7E-4E0B-875E-A913A70D905A}
	EndGlobalSection
EndGlobal
